lockfileVersion: 5.4

specifiers:
  animate.css: 4.1.1
  swiper: ^8.2.2

dependencies:
  animate.css: 4.1.1
  swiper: 8.2.2

packages:

  /animate.css/4.1.1:
    resolution: {integrity: sha512-+mRmCTv6SbCmtYJCN4faJMNFVNN5EuCTTprDTAo7YzIGji2KADmakjVA3+8mVDkZ2Bf09vayB35lSQIex2+QaQ==}
    dev: false

  /dom7/4.0.4:
    resolution: {integrity: sha512-DSSgBzQ4rJWQp1u6o+3FVwMNnT5bzQbMb+o31TjYYeRi05uAcpF8koxdfzeoe5ElzPmua7W7N28YJhF7iEKqIw==}
    dependencies:
      ssr-window: 4.0.2
    dev: false

  /ssr-window/4.0.2:
    resolution: {integrity: sha512-ISv/Ch+ig7SOtw7G2+qkwfVASzazUnvlDTwypdLoPoySv+6MqlOV10VwPSE6EWkGjhW50lUmghPmpYZXMu/+AQ==}
    dev: false

  /swiper/8.2.2:
    resolution: {integrity: sha512-t7Tts4ZD2ahM3InsHDlZ6YY4gi47zepGHx25cACd6fzgcVdAtYLbUihnEmck0HsDzqtkhciyfKsoUEhummZDEA==}
    engines: {node: '>= 4.7.0'}
    requiresBuild: true
    dependencies:
      dom7: 4.0.4
      ssr-window: 4.0.2
    dev: false
